// !$*UTF8*$!
{
	archiveVersion = 1;
	classes = {
	};
	objectVersion = 56;
	objects = {

/* Begin PBXBuildFile section */
		E4080BF82CA92050009241CA /* GFFollowerItemVC.swift in Sources */ = {isa = PBXBuildFile; fileRef = E4080BF72CA92050009241CA /* GFFollowerItemVC.swift */; };
		E4080BFB2CA922A5009241CA /* Date+Extensions.swift in Sources */ = {isa = PBXBuildFile; fileRef = E4080BFA2CA922A5009241CA /* Date+Extensions.swift */; };
		E4080BFD2CA93030009241CA /* PersistenceManager.swift in Sources */ = {isa = PBXBuildFile; fileRef = E4080BFC2CA93030009241CA /* PersistenceManager.swift */; };
		E4198F632CB10868005CA0CC /* FavouriteCell.swift in Sources */ = {isa = PBXBuildFile; fileRef = E4198F622CB10868005CA0CC /* FavouriteCell.swift */; };
		E423647A2CA7D00300D3B325 /* GFUserInfoHeaderVC.swift in Sources */ = {isa = PBXBuildFile; fileRef = E42364792CA7D00300D3B325 /* GFUserInfoHeaderVC.swift */; };
		E423647C2CA7D06600D3B325 /* GFSecondaryTitleLabel.swift in Sources */ = {isa = PBXBuildFile; fileRef = E423647B2CA7D06600D3B325 /* GFSecondaryTitleLabel.swift */; };
		E423647E2CA7D80900D3B325 /* Constants.swift in Sources */ = {isa = PBXBuildFile; fileRef = E423647D2CA7D80900D3B325 /* Constants.swift */; };
		E42364802CA7E16C00D3B325 /* GFItemInfoView.swift in Sources */ = {isa = PBXBuildFile; fileRef = E423647F2CA7E16C00D3B325 /* GFItemInfoView.swift */; };
		E42364822CA7EBB100D3B325 /* GFItemInfoVC.swift in Sources */ = {isa = PBXBuildFile; fileRef = E42364812CA7EBB100D3B325 /* GFItemInfoVC.swift */; };
		E42364842CA7EE3A00D3B325 /* GFRepoItemVC.swift in Sources */ = {isa = PBXBuildFile; fileRef = E42364832CA7EE3A00D3B325 /* GFRepoItemVC.swift */; };
		E428547F2C7764E000E8C18C /* AppDelegate.swift in Sources */ = {isa = PBXBuildFile; fileRef = E428547E2C7764E000E8C18C /* AppDelegate.swift */; };
		E42854812C7764E000E8C18C /* SceneDelegate.swift in Sources */ = {isa = PBXBuildFile; fileRef = E42854802C7764E000E8C18C /* SceneDelegate.swift */; };
		E42854882C7764E200E8C18C /* Assets.xcassets in Resources */ = {isa = PBXBuildFile; fileRef = E42854872C7764E200E8C18C /* Assets.xcassets */; };
		E428548B2C7764E200E8C18C /* Base in Resources */ = {isa = PBXBuildFile; fileRef = E428548A2C7764E200E8C18C /* Base */; };
		E42854932C776F0900E8C18C /* SearchVC.swift in Sources */ = {isa = PBXBuildFile; fileRef = E42854922C776F0900E8C18C /* SearchVC.swift */; };
		E42854952C776F2900E8C18C /* FavouriteListVC.swift in Sources */ = {isa = PBXBuildFile; fileRef = E42854942C776F2900E8C18C /* FavouriteListVC.swift */; };
		E42854972C77730100E8C18C /* GFButton.swift in Sources */ = {isa = PBXBuildFile; fileRef = E42854962C77730100E8C18C /* GFButton.swift */; };
		E42854992C7775A700E8C18C /* GFTextField.swift in Sources */ = {isa = PBXBuildFile; fileRef = E42854982C7775A700E8C18C /* GFTextField.swift */; };
		E428549B2C77846D00E8C18C /* FollowerListVC.swift in Sources */ = {isa = PBXBuildFile; fileRef = E428549A2C77846D00E8C18C /* FollowerListVC.swift */; };
		E4FCF7F72C78503C00CEA2CC /* String+Extensions.swift in Sources */ = {isa = PBXBuildFile; fileRef = E4FCF7F62C78503C00CEA2CC /* String+Extensions.swift */; };
		E4FCF7F92C7851EE00CEA2CC /* GFTitleLabel.swift in Sources */ = {isa = PBXBuildFile; fileRef = E4FCF7F82C7851EE00CEA2CC /* GFTitleLabel.swift */; };
		E4FCF7FB2C78532900CEA2CC /* GFBodyLabel.swift in Sources */ = {isa = PBXBuildFile; fileRef = E4FCF7FA2C78532900CEA2CC /* GFBodyLabel.swift */; };
		E4FCF7FD2C7853C300CEA2CC /* GFAlertVC.swift in Sources */ = {isa = PBXBuildFile; fileRef = E4FCF7FC2C7853C300CEA2CC /* GFAlertVC.swift */; };
		E4FCF7FF2C7863A600CEA2CC /* UIViewController+Extensions.swift in Sources */ = {isa = PBXBuildFile; fileRef = E4FCF7FE2C7863A600CEA2CC /* UIViewController+Extensions.swift */; };
		E4FCF8062C789CA200CEA2CC /* Follower.swift in Sources */ = {isa = PBXBuildFile; fileRef = E4FCF8052C789CA200CEA2CC /* Follower.swift */; };
		E4FCF8082C789D3D00CEA2CC /* User.swift in Sources */ = {isa = PBXBuildFile; fileRef = E4FCF8072C789D3D00CEA2CC /* User.swift */; };
		E4FCF80B2C78A02A00CEA2CC /* NetworkManager.swift in Sources */ = {isa = PBXBuildFile; fileRef = E4FCF80A2C78A02A00CEA2CC /* NetworkManager.swift */; };
		E4FCF80E2C78D21500CEA2CC /* ErrorMessage.swift in Sources */ = {isa = PBXBuildFile; fileRef = E4FCF80D2C78D21500CEA2CC /* ErrorMessage.swift */; };
		E4FCF8112C78DD4200CEA2CC /* FollowerCell.swift in Sources */ = {isa = PBXBuildFile; fileRef = E4FCF8102C78DD4200CEA2CC /* FollowerCell.swift */; };
		E4FCF8132C78DD9E00CEA2CC /* GFAvatarImageView.swift in Sources */ = {isa = PBXBuildFile; fileRef = E4FCF8122C78DD9E00CEA2CC /* GFAvatarImageView.swift */; };
		E4FCF8152C78ECDF00CEA2CC /* UIHelper.swift in Sources */ = {isa = PBXBuildFile; fileRef = E4FCF8142C78ECDF00CEA2CC /* UIHelper.swift */; };
		E4FCF81D2C78F9E200CEA2CC /* GFEmptyStateView.swift in Sources */ = {isa = PBXBuildFile; fileRef = E4FCF81C2C78F9E200CEA2CC /* GFEmptyStateView.swift */; };
		E4FCF81F2C79014D00CEA2CC /* UserInfoVC.swift in Sources */ = {isa = PBXBuildFile; fileRef = E4FCF81E2C79014D00CEA2CC /* UserInfoVC.swift */; };
/* End PBXBuildFile section */

/* Begin PBXFileReference section */
		E4080BF72CA92050009241CA /* GFFollowerItemVC.swift */ = {isa = PBXFileReference; lastKnownFileType = sourcecode.swift; path = GFFollowerItemVC.swift; sourceTree = "<group>"; };
		E4080BFA2CA922A5009241CA /* Date+Extensions.swift */ = {isa = PBXFileReference; lastKnownFileType = sourcecode.swift; path = "Date+Extensions.swift"; sourceTree = "<group>"; };
		E4080BFC2CA93030009241CA /* PersistenceManager.swift */ = {isa = PBXFileReference; lastKnownFileType = sourcecode.swift; path = PersistenceManager.swift; sourceTree = "<group>"; };
		E4198F622CB10868005CA0CC /* FavouriteCell.swift */ = {isa = PBXFileReference; lastKnownFileType = sourcecode.swift; path = FavouriteCell.swift; sourceTree = "<group>"; };
		E42364792CA7D00300D3B325 /* GFUserInfoHeaderVC.swift */ = {isa = PBXFileReference; lastKnownFileType = sourcecode.swift; path = GFUserInfoHeaderVC.swift; sourceTree = "<group>"; };
		E423647B2CA7D06600D3B325 /* GFSecondaryTitleLabel.swift */ = {isa = PBXFileReference; lastKnownFileType = sourcecode.swift; path = GFSecondaryTitleLabel.swift; sourceTree = "<group>"; };
		E423647D2CA7D80900D3B325 /* Constants.swift */ = {isa = PBXFileReference; lastKnownFileType = sourcecode.swift; path = Constants.swift; sourceTree = "<group>"; };
		E423647F2CA7E16C00D3B325 /* GFItemInfoView.swift */ = {isa = PBXFileReference; lastKnownFileType = sourcecode.swift; path = GFItemInfoView.swift; sourceTree = "<group>"; };
		E42364812CA7EBB100D3B325 /* GFItemInfoVC.swift */ = {isa = PBXFileReference; lastKnownFileType = sourcecode.swift; path = GFItemInfoVC.swift; sourceTree = "<group>"; };
		E42364832CA7EE3A00D3B325 /* GFRepoItemVC.swift */ = {isa = PBXFileReference; lastKnownFileType = sourcecode.swift; path = GFRepoItemVC.swift; sourceTree = "<group>"; };
		E428547B2C7764E000E8C18C /* GHFollowers.app */ = {isa = PBXFileReference; explicitFileType = wrapper.application; includeInIndex = 0; path = GHFollowers.app; sourceTree = BUILT_PRODUCTS_DIR; };
		E428547E2C7764E000E8C18C /* AppDelegate.swift */ = {isa = PBXFileReference; lastKnownFileType = sourcecode.swift; path = AppDelegate.swift; sourceTree = "<group>"; };
		E42854802C7764E000E8C18C /* SceneDelegate.swift */ = {isa = PBXFileReference; lastKnownFileType = sourcecode.swift; path = SceneDelegate.swift; sourceTree = "<group>"; };
		E42854872C7764E200E8C18C /* Assets.xcassets */ = {isa = PBXFileReference; lastKnownFileType = folder.assetcatalog; path = Assets.xcassets; sourceTree = "<group>"; };
		E428548A2C7764E200E8C18C /* Base */ = {isa = PBXFileReference; lastKnownFileType = file.storyboard; name = Base; path = Base.lproj/LaunchScreen.storyboard; sourceTree = "<group>"; };
		E428548C2C7764E200E8C18C /* Info.plist */ = {isa = PBXFileReference; lastKnownFileType = text.plist.xml; path = Info.plist; sourceTree = "<group>"; };
		E42854922C776F0900E8C18C /* SearchVC.swift */ = {isa = PBXFileReference; lastKnownFileType = sourcecode.swift; path = SearchVC.swift; sourceTree = "<group>"; };
		E42854942C776F2900E8C18C /* FavouriteListVC.swift */ = {isa = PBXFileReference; lastKnownFileType = sourcecode.swift; path = FavouriteListVC.swift; sourceTree = "<group>"; };
		E42854962C77730100E8C18C /* GFButton.swift */ = {isa = PBXFileReference; lastKnownFileType = sourcecode.swift; path = GFButton.swift; sourceTree = "<group>"; };
		E42854982C7775A700E8C18C /* GFTextField.swift */ = {isa = PBXFileReference; lastKnownFileType = sourcecode.swift; path = GFTextField.swift; sourceTree = "<group>"; };
		E428549A2C77846D00E8C18C /* FollowerListVC.swift */ = {isa = PBXFileReference; lastKnownFileType = sourcecode.swift; path = FollowerListVC.swift; sourceTree = "<group>"; };
		E4FCF7F62C78503C00CEA2CC /* String+Extensions.swift */ = {isa = PBXFileReference; lastKnownFileType = sourcecode.swift; path = "String+Extensions.swift"; sourceTree = "<group>"; };
		E4FCF7F82C7851EE00CEA2CC /* GFTitleLabel.swift */ = {isa = PBXFileReference; lastKnownFileType = sourcecode.swift; path = GFTitleLabel.swift; sourceTree = "<group>"; };
		E4FCF7FA2C78532900CEA2CC /* GFBodyLabel.swift */ = {isa = PBXFileReference; lastKnownFileType = sourcecode.swift; path = GFBodyLabel.swift; sourceTree = "<group>"; };
		E4FCF7FC2C7853C300CEA2CC /* GFAlertVC.swift */ = {isa = PBXFileReference; lastKnownFileType = sourcecode.swift; path = GFAlertVC.swift; sourceTree = "<group>"; };
		E4FCF7FE2C7863A600CEA2CC /* UIViewController+Extensions.swift */ = {isa = PBXFileReference; lastKnownFileType = sourcecode.swift; path = "UIViewController+Extensions.swift"; sourceTree = "<group>"; };
		E4FCF8052C789CA200CEA2CC /* Follower.swift */ = {isa = PBXFileReference; lastKnownFileType = sourcecode.swift; path = Follower.swift; sourceTree = "<group>"; };
		E4FCF8072C789D3D00CEA2CC /* User.swift */ = {isa = PBXFileReference; lastKnownFileType = sourcecode.swift; path = User.swift; sourceTree = "<group>"; };
		E4FCF80A2C78A02A00CEA2CC /* NetworkManager.swift */ = {isa = PBXFileReference; lastKnownFileType = sourcecode.swift; path = NetworkManager.swift; sourceTree = "<group>"; };
		E4FCF80D2C78D21500CEA2CC /* ErrorMessage.swift */ = {isa = PBXFileReference; lastKnownFileType = sourcecode.swift; path = ErrorMessage.swift; sourceTree = "<group>"; };
		E4FCF8102C78DD4200CEA2CC /* FollowerCell.swift */ = {isa = PBXFileReference; lastKnownFileType = sourcecode.swift; path = FollowerCell.swift; sourceTree = "<group>"; };
		E4FCF8122C78DD9E00CEA2CC /* GFAvatarImageView.swift */ = {isa = PBXFileReference; lastKnownFileType = sourcecode.swift; path = GFAvatarImageView.swift; sourceTree = "<group>"; };
		E4FCF8142C78ECDF00CEA2CC /* UIHelper.swift */ = {isa = PBXFileReference; lastKnownFileType = sourcecode.swift; path = UIHelper.swift; sourceTree = "<group>"; };
		E4FCF81C2C78F9E200CEA2CC /* GFEmptyStateView.swift */ = {isa = PBXFileReference; lastKnownFileType = sourcecode.swift; path = GFEmptyStateView.swift; sourceTree = "<group>"; };
		E4FCF81E2C79014D00CEA2CC /* UserInfoVC.swift */ = {isa = PBXFileReference; lastKnownFileType = sourcecode.swift; path = UserInfoVC.swift; sourceTree = "<group>"; };
/* End PBXFileReference section */

/* Begin PBXFrameworksBuildPhase section */
		E42854782C7764E000E8C18C /* Frameworks */ = {
			isa = PBXFrameworksBuildPhase;
			buildActionMask = 2147483647;
			files = (
			);
			runOnlyForDeploymentPostprocessing = 0;
		};
/* End PBXFrameworksBuildPhase section */

/* Begin PBXGroup section */
		E4080BF92CA9209D009241CA /* ItemInfoVCs */ = {
			isa = PBXGroup;
			children = (
				E42364812CA7EBB100D3B325 /* GFItemInfoVC.swift */,
				E42364832CA7EE3A00D3B325 /* GFRepoItemVC.swift */,
				E4080BF72CA92050009241CA /* GFFollowerItemVC.swift */,
			);
			path = ItemInfoVCs;
			sourceTree = "<group>";
		};
		E42854722C7764E000E8C18C = {
			isa = PBXGroup;
			children = (
				E428547D2C7764E000E8C18C /* GHFollowers */,
				E428547C2C7764E000E8C18C /* Products */,
			);
			sourceTree = "<group>";
		};
		E428547C2C7764E000E8C18C /* Products */ = {
			isa = PBXGroup;
			children = (
				E428547B2C7764E000E8C18C /* GHFollowers.app */,
			);
			name = Products;
			sourceTree = "<group>";
		};
		E428547D2C7764E000E8C18C /* GHFollowers */ = {
			isa = PBXGroup;
			children = (
				E4FCF80C2C78D20300CEA2CC /* Utilities */,
				E4FCF8092C78A01A00CEA2CC /* Managers */,
				E428548C2C7764E200E8C18C /* Info.plist */,
				E4FCF8042C789C9A00CEA2CC /* Model */,
				E4FCF8022C78995300CEA2CC /* Extensions */,
				E4FCF8012C78992900CEA2CC /* Custom Views */,
				E4FCF8002C78990700CEA2CC /* Screens */,
				E4FCF8032C7899A100CEA2CC /* Support */,
			);
			path = GHFollowers;
			sourceTree = "<group>";
		};
		E4FCF8002C78990700CEA2CC /* Screens */ = {
			isa = PBXGroup;
			children = (
				E42854922C776F0900E8C18C /* SearchVC.swift */,
				E42854942C776F2900E8C18C /* FavouriteListVC.swift */,
				E428549A2C77846D00E8C18C /* FollowerListVC.swift */,
				E4FCF81E2C79014D00CEA2CC /* UserInfoVC.swift */,
			);
			path = Screens;
			sourceTree = "<group>";
		};
		E4FCF8012C78992900CEA2CC /* Custom Views */ = {
			isa = PBXGroup;
			children = (
				E4FCF8192C78F99400CEA2CC /* ImageViews */,
				E4FCF8182C78F98600CEA2CC /* ViewControllers */,
				E4FCF8172C78F97300CEA2CC /* Buttons */,
				E4FCF8162C78F96800CEA2CC /* Views */,
				E4FCF80F2C78DD1E00CEA2CC /* Cells */,
				E4FCF81A2C78F9B000CEA2CC /* TextFields */,
				E4FCF81B2C78F9BD00CEA2CC /* Labels */,
			);
			path = "Custom Views";
			sourceTree = "<group>";
		};
		E4FCF8022C78995300CEA2CC /* Extensions */ = {
			isa = PBXGroup;
			children = (
				E4FCF7F62C78503C00CEA2CC /* String+Extensions.swift */,
				E4FCF7FE2C7863A600CEA2CC /* UIViewController+Extensions.swift */,
				E4080BFA2CA922A5009241CA /* Date+Extensions.swift */,
			);
			path = Extensions;
			sourceTree = "<group>";
		};
		E4FCF8032C7899A100CEA2CC /* Support */ = {
			isa = PBXGroup;
			children = (
				E428547E2C7764E000E8C18C /* AppDelegate.swift */,
				E42854802C7764E000E8C18C /* SceneDelegate.swift */,
				E42854872C7764E200E8C18C /* Assets.xcassets */,
				E42854892C7764E200E8C18C /* LaunchScreen.storyboard */,
			);
			path = Support;
			sourceTree = "<group>";
		};
		E4FCF8042C789C9A00CEA2CC /* Model */ = {
			isa = PBXGroup;
			children = (
				E4FCF8052C789CA200CEA2CC /* Follower.swift */,
				E4FCF8072C789D3D00CEA2CC /* User.swift */,
			);
			path = Model;
			sourceTree = "<group>";
		};
		E4FCF8092C78A01A00CEA2CC /* Managers */ = {
			isa = PBXGroup;
			children = (
				E4FCF80A2C78A02A00CEA2CC /* NetworkManager.swift */,
				E4080BFC2CA93030009241CA /* PersistenceManager.swift */,
			);
			path = Managers;
			sourceTree = "<group>";
		};
		E4FCF80C2C78D20300CEA2CC /* Utilities */ = {
			isa = PBXGroup;
			children = (
				E4FCF80D2C78D21500CEA2CC /* ErrorMessage.swift */,
				E4FCF8142C78ECDF00CEA2CC /* UIHelper.swift */,
				E423647D2CA7D80900D3B325 /* Constants.swift */,
			);
			path = Utilities;
			sourceTree = "<group>";
		};
		E4FCF80F2C78DD1E00CEA2CC /* Cells */ = {
			isa = PBXGroup;
			children = (
				E4FCF8102C78DD4200CEA2CC /* FollowerCell.swift */,
				E4198F622CB10868005CA0CC /* FavouriteCell.swift */,
			);
			path = Cells;
			sourceTree = "<group>";
		};
		E4FCF8162C78F96800CEA2CC /* Views */ = {
			isa = PBXGroup;
			children = (
				E4FCF81C2C78F9E200CEA2CC /* GFEmptyStateView.swift */,
				E423647F2CA7E16C00D3B325 /* GFItemInfoView.swift */,
			);
			path = Views;
			sourceTree = "<group>";
		};
		E4FCF8172C78F97300CEA2CC /* Buttons */ = {
			isa = PBXGroup;
			children = (
				E42854962C77730100E8C18C /* GFButton.swift */,
			);
			path = Buttons;
			sourceTree = "<group>";
		};
		E4FCF8182C78F98600CEA2CC /* ViewControllers */ = {
			isa = PBXGroup;
			children = (
				E4080BF92CA9209D009241CA /* ItemInfoVCs */,
				E4FCF7FC2C7853C300CEA2CC /* GFAlertVC.swift */,
				E42364792CA7D00300D3B325 /* GFUserInfoHeaderVC.swift */,
			);
			path = ViewControllers;
			sourceTree = "<group>";
		};
		E4FCF8192C78F99400CEA2CC /* ImageViews */ = {
			isa = PBXGroup;
			children = (
				E4FCF8122C78DD9E00CEA2CC /* GFAvatarImageView.swift */,
			);
			path = ImageViews;
			sourceTree = "<group>";
		};
		E4FCF81A2C78F9B000CEA2CC /* TextFields */ = {
			isa = PBXGroup;
			children = (
				E42854982C7775A700E8C18C /* GFTextField.swift */,
			);
			path = TextFields;
			sourceTree = "<group>";
		};
		E4FCF81B2C78F9BD00CEA2CC /* Labels */ = {
			isa = PBXGroup;
			children = (
				E4FCF7F82C7851EE00CEA2CC /* GFTitleLabel.swift */,
				E4FCF7FA2C78532900CEA2CC /* GFBodyLabel.swift */,
				E423647B2CA7D06600D3B325 /* GFSecondaryTitleLabel.swift */,
			);
			path = Labels;
			sourceTree = "<group>";
		};
/* End PBXGroup section */

/* Begin PBXNativeTarget section */
		E428547A2C7764E000E8C18C /* GHFollowers */ = {
			isa = PBXNativeTarget;
			buildConfigurationList = E428548F2C7764E200E8C18C /* Build configuration list for PBXNativeTarget "GHFollowers" */;
			buildPhases = (
				E42854772C7764E000E8C18C /* Sources */,
				E42854782C7764E000E8C18C /* Frameworks */,
				E42854792C7764E000E8C18C /* Resources */,
			);
			buildRules = (
			);
			dependencies = (
			);
			name = GHFollowers;
			productName = GHFollowers;
			productReference = E428547B2C7764E000E8C18C /* GHFollowers.app */;
			productType = "com.apple.product-type.application";
		};
/* End PBXNativeTarget section */

/* Begin PBXProject section */
		E42854732C7764E000E8C18C /* Project object */ = {
			isa = PBXProject;
			attributes = {
				BuildIndependentTargetsInParallel = 1;
				LastSwiftUpdateCheck = 1540;
				LastUpgradeCheck = 1540;
				TargetAttributes = {
					E428547A2C7764E000E8C18C = {
						CreatedOnToolsVersion = 15.4;
					};
				};
			};
			buildConfigurationList = E42854762C7764E000E8C18C /* Build configuration list for PBXProject "GHFollowers" */;
			compatibilityVersion = "Xcode 14.0";
			developmentRegion = en;
			hasScannedForEncodings = 0;
			knownRegions = (
				en,
				Base,
			);
			mainGroup = E42854722C7764E000E8C18C;
			productRefGroup = E428547C2C7764E000E8C18C /* Products */;
			projectDirPath = "";
			projectRoot = "";
			targets = (
				E428547A2C7764E000E8C18C /* GHFollowers */,
			);
		};
/* End PBXProject section */

/* Begin PBXResourcesBuildPhase section */
		E42854792C7764E000E8C18C /* Resources */ = {
			isa = PBXResourcesBuildPhase;
			buildActionMask = 2147483647;
			files = (
				E42854882C7764E200E8C18C /* Assets.xcassets in Resources */,
				E428548B2C7764E200E8C18C /* Base in Resources */,
			);
			runOnlyForDeploymentPostprocessing = 0;
		};
/* End PBXResourcesBuildPhase section */

/* Begin PBXSourcesBuildPhase section */
		E42854772C7764E000E8C18C /* Sources */ = {
			isa = PBXSourcesBuildPhase;
			buildActionMask = 2147483647;
			files = (
				E4198F632CB10868005CA0CC /* FavouriteCell.swift in Sources */,
				E42854992C7775A700E8C18C /* GFTextField.swift in Sources */,
				E42854932C776F0900E8C18C /* SearchVC.swift in Sources */,
				E42854972C77730100E8C18C /* GFButton.swift in Sources */,
				E423647A2CA7D00300D3B325 /* GFUserInfoHeaderVC.swift in Sources */,
				E428547F2C7764E000E8C18C /* AppDelegate.swift in Sources */,
				E4FCF7FF2C7863A600CEA2CC /* UIViewController+Extensions.swift in Sources */,
				E4FCF81D2C78F9E200CEA2CC /* GFEmptyStateView.swift in Sources */,
				E423647C2CA7D06600D3B325 /* GFSecondaryTitleLabel.swift in Sources */,
				E4FCF7F72C78503C00CEA2CC /* String+Extensions.swift in Sources */,
				E4FCF8082C789D3D00CEA2CC /* User.swift in Sources */,
				E4FCF8112C78DD4200CEA2CC /* FollowerCell.swift in Sources */,
				E4FCF8132C78DD9E00CEA2CC /* GFAvatarImageView.swift in Sources */,
				E4FCF7FD2C7853C300CEA2CC /* GFAlertVC.swift in Sources */,
				E4FCF81F2C79014D00CEA2CC /* UserInfoVC.swift in Sources */,
				E4FCF8062C789CA200CEA2CC /* Follower.swift in Sources */,
				E428549B2C77846D00E8C18C /* FollowerListVC.swift in Sources */,
				E42364842CA7EE3A00D3B325 /* GFRepoItemVC.swift in Sources */,
				E4FCF7F92C7851EE00CEA2CC /* GFTitleLabel.swift in Sources */,
				E42854952C776F2900E8C18C /* FavouriteListVC.swift in Sources */,
				E42364822CA7EBB100D3B325 /* GFItemInfoVC.swift in Sources */,
				E4080BF82CA92050009241CA /* GFFollowerItemVC.swift in Sources */,
				E4080BFD2CA93030009241CA /* PersistenceManager.swift in Sources */,
				E4FCF80E2C78D21500CEA2CC /* ErrorMessage.swift in Sources */,
				E4FCF8152C78ECDF00CEA2CC /* UIHelper.swift in Sources */,
				E4FCF80B2C78A02A00CEA2CC /* NetworkManager.swift in Sources */,
				E4080BFB2CA922A5009241CA /* Date+Extensions.swift in Sources */,
				E42854812C7764E000E8C18C /* SceneDelegate.swift in Sources */,
				E42364802CA7E16C00D3B325 /* GFItemInfoView.swift in Sources */,
				E4FCF7FB2C78532900CEA2CC /* GFBodyLabel.swift in Sources */,
				E423647E2CA7D80900D3B325 /* Constants.swift in Sources */,
			);
			runOnlyForDeploymentPostprocessing = 0;
		};
/* End PBXSourcesBuildPhase section */

/* Begin PBXVariantGroup section */
		E42854892C7764E200E8C18C /* LaunchScreen.storyboard */ = {
			isa = PBXVariantGroup;
			children = (
				E428548A2C7764E200E8C18C /* Base */,
			);
			name = LaunchScreen.storyboard;
			sourceTree = "<group>";
		};
/* End PBXVariantGroup section */

/* Begin XCBuildConfiguration section */
		E428548D2C7764E200E8C18C /* Debug */ = {
			isa = XCBuildConfiguration;
			buildSettings = {
				ALWAYS_SEARCH_USER_PATHS = NO;
				ASSETCATALOG_COMPILER_GENERATE_SWIFT_ASSET_SYMBOL_EXTENSIONS = YES;
				CLANG_ANALYZER_NONNULL = YES;
				CLANG_ANALYZER_NUMBER_OBJECT_CONVERSION = YES_AGGRESSIVE;
				CLANG_CXX_LANGUAGE_STANDARD = "gnu++20";
				CLANG_ENABLE_MODULES = YES;
				CLANG_ENABLE_OBJC_ARC = YES;
				CLANG_ENABLE_OBJC_WEAK = YES;
				CLANG_WARN_BLOCK_CAPTURE_AUTORELEASING = YES;
				CLANG_WARN_BOOL_CONVERSION = YES;
				CLANG_WARN_COMMA = YES;
				CLANG_WARN_CONSTANT_CONVERSION = YES;
				CLANG_WARN_DEPRECATED_OBJC_IMPLEMENTATIONS = YES;
				CLANG_WARN_DIRECT_OBJC_ISA_USAGE = YES_ERROR;
				CLANG_WARN_DOCUMENTATION_COMMENTS = YES;
				CLANG_WARN_EMPTY_BODY = YES;
				CLANG_WARN_ENUM_CONVERSION = YES;
				CLANG_WARN_INFINITE_RECURSION = YES;
				CLANG_WARN_INT_CONVERSION = YES;
				CLANG_WARN_NON_LITERAL_NULL_CONVERSION = YES;
				CLANG_WARN_OBJC_IMPLICIT_RETAIN_SELF = YES;
				CLANG_WARN_OBJC_LITERAL_CONVERSION = YES;
				CLANG_WARN_OBJC_ROOT_CLASS = YES_ERROR;
				CLANG_WARN_QUOTED_INCLUDE_IN_FRAMEWORK_HEADER = YES;
				CLANG_WARN_RANGE_LOOP_ANALYSIS = YES;
				CLANG_WARN_STRICT_PROTOTYPES = YES;
				CLANG_WARN_SUSPICIOUS_MOVE = YES;
				CLANG_WARN_UNGUARDED_AVAILABILITY = YES_AGGRESSIVE;
				CLANG_WARN_UNREACHABLE_CODE = YES;
				CLANG_WARN__DUPLICATE_METHOD_MATCH = YES;
				COPY_PHASE_STRIP = NO;
				DEBUG_INFORMATION_FORMAT = dwarf;
				ENABLE_STRICT_OBJC_MSGSEND = YES;
				ENABLE_TESTABILITY = YES;
				ENABLE_USER_SCRIPT_SANDBOXING = YES;
				GCC_C_LANGUAGE_STANDARD = gnu17;
				GCC_DYNAMIC_NO_PIC = NO;
				GCC_NO_COMMON_BLOCKS = YES;
				GCC_OPTIMIZATION_LEVEL = 0;
				GCC_PREPROCESSOR_DEFINITIONS = (
					"DEBUG=1",
					"$(inherited)",
				);
				GCC_WARN_64_TO_32_BIT_CONVERSION = YES;
				GCC_WARN_ABOUT_RETURN_TYPE = YES_ERROR;
				GCC_WARN_UNDECLARED_SELECTOR = YES;
				GCC_WARN_UNINITIALIZED_AUTOS = YES_AGGRESSIVE;
				GCC_WARN_UNUSED_FUNCTION = YES;
				GCC_WARN_UNUSED_VARIABLE = YES;
				IPHONEOS_DEPLOYMENT_TARGET = 13.2;
				LOCALIZATION_PREFERS_STRING_CATALOGS = YES;
				MTL_ENABLE_DEBUG_INFO = INCLUDE_SOURCE;
				MTL_FAST_MATH = YES;
				ONLY_ACTIVE_ARCH = YES;
				SDKROOT = iphoneos;
				SWIFT_ACTIVE_COMPILATION_CONDITIONS = "DEBUG $(inherited)";
				SWIFT_OPTIMIZATION_LEVEL = "-Onone";
			};
			name = Debug;
		};
		E428548E2C7764E200E8C18C /* Release */ = {
			isa = XCBuildConfiguration;
			buildSettings = {
				ALWAYS_SEARCH_USER_PATHS = NO;
				ASSETCATALOG_COMPILER_GENERATE_SWIFT_ASSET_SYMBOL_EXTENSIONS = YES;
				CLANG_ANALYZER_NONNULL = YES;
				CLANG_ANALYZER_NUMBER_OBJECT_CONVERSION = YES_AGGRESSIVE;
				CLANG_CXX_LANGUAGE_STANDARD = "gnu++20";
				CLANG_ENABLE_MODULES = YES;
				CLANG_ENABLE_OBJC_ARC = YES;
				CLANG_ENABLE_OBJC_WEAK = YES;
				CLANG_WARN_BLOCK_CAPTURE_AUTORELEASING = YES;
				CLANG_WARN_BOOL_CONVERSION = YES;
				CLANG_WARN_COMMA = YES;
				CLANG_WARN_CONSTANT_CONVERSION = YES;
				CLANG_WARN_DEPRECATED_OBJC_IMPLEMENTATIONS = YES;
				CLANG_WARN_DIRECT_OBJC_ISA_USAGE = YES_ERROR;
				CLANG_WARN_DOCUMENTATION_COMMENTS = YES;
				CLANG_WARN_EMPTY_BODY = YES;
				CLANG_WARN_ENUM_CONVERSION = YES;
				CLANG_WARN_INFINITE_RECURSION = YES;
				CLANG_WARN_INT_CONVERSION = YES;
				CLANG_WARN_NON_LITERAL_NULL_CONVERSION = YES;
				CLANG_WARN_OBJC_IMPLICIT_RETAIN_SELF = YES;
				CLANG_WARN_OBJC_LITERAL_CONVERSION = YES;
				CLANG_WARN_OBJC_ROOT_CLASS = YES_ERROR;
				CLANG_WARN_QUOTED_INCLUDE_IN_FRAMEWORK_HEADER = YES;
				CLANG_WARN_RANGE_LOOP_ANALYSIS = YES;
				CLANG_WARN_STRICT_PROTOTYPES = YES;
				CLANG_WARN_SUSPICIOUS_MOVE = YES;
				CLANG_WARN_UNGUARDED_AVAILABILITY = YES_AGGRESSIVE;
				CLANG_WARN_UNREACHABLE_CODE = YES;
				CLANG_WARN__DUPLICATE_METHOD_MATCH = YES;
				COPY_PHASE_STRIP = NO;
				DEBUG_INFORMATION_FORMAT = "dwarf-with-dsym";
				ENABLE_NS_ASSERTIONS = NO;
				ENABLE_STRICT_OBJC_MSGSEND = YES;
				ENABLE_USER_SCRIPT_SANDBOXING = YES;
				GCC_C_LANGUAGE_STANDARD = gnu17;
				GCC_NO_COMMON_BLOCKS = YES;
				GCC_WARN_64_TO_32_BIT_CONVERSION = YES;
				GCC_WARN_ABOUT_RETURN_TYPE = YES_ERROR;
				GCC_WARN_UNDECLARED_SELECTOR = YES;
				GCC_WARN_UNINITIALIZED_AUTOS = YES_AGGRESSIVE;
				GCC_WARN_UNUSED_FUNCTION = YES;
				GCC_WARN_UNUSED_VARIABLE = YES;
				IPHONEOS_DEPLOYMENT_TARGET = 13.2;
				LOCALIZATION_PREFERS_STRING_CATALOGS = YES;
				MTL_ENABLE_DEBUG_INFO = NO;
				MTL_FAST_MATH = YES;
				SDKROOT = iphoneos;
				SWIFT_COMPILATION_MODE = wholemodule;
				VALIDATE_PRODUCT = YES;
			};
			name = Release;
		};
		E42854902C7764E200E8C18C /* Debug */ = {
			isa = XCBuildConfiguration;
			buildSettings = {
				ASSETCATALOG_COMPILER_APPICON_NAME = AppIcon;
				ASSETCATALOG_COMPILER_GLOBAL_ACCENT_COLOR_NAME = AccentColor;
				CODE_SIGN_STYLE = Automatic;
				CURRENT_PROJECT_VERSION = 1;
				GENERATE_INFOPLIST_FILE = YES;
				INFOPLIST_FILE = GHFollowers/Info.plist;
				INFOPLIST_KEY_UIApplicationSupportsIndirectInputEvents = YES;
				INFOPLIST_KEY_UILaunchStoryboardName = LaunchScreen;
				INFOPLIST_KEY_UIMainStoryboardFile = "";
				INFOPLIST_KEY_UISupportedInterfaceOrientations = UIInterfaceOrientationPortrait;
				INFOPLIST_KEY_UISupportedInterfaceOrientations_iPad = "UIInterfaceOrientationLandscapeLeft UIInterfaceOrientationLandscapeRight UIInterfaceOrientationPortrait UIInterfaceOrientationPortraitUpsideDown";
				IPHONEOS_DEPLOYMENT_TARGET = 13.2;
				LD_RUNPATH_SEARCH_PATHS = (
					"$(inherited)",
					"@executable_path/Frameworks",
				);
				MARKETING_VERSION = 1.0;
				PRODUCT_BUNDLE_IDENTIFIER = Shayan.GHFollowers;
				PRODUCT_NAME = "$(TARGET_NAME)";
				SWIFT_EMIT_LOC_STRINGS = YES;
				SWIFT_VERSION = 5.0;
				TARGETED_DEVICE_FAMILY = "1,2";
			};
			name = Debug;
		};
		E42854912C7764E200E8C18C /* Release */ = {
			isa = XCBuildConfiguration;
			buildSettings = {
				ASSETCATALOG_COMPILER_APPICON_NAME = AppIcon;
				ASSETCATALOG_COMPILER_GLOBAL_ACCENT_COLOR_NAME = AccentColor;
				CODE_SIGN_STYLE = Automatic;
				CURRENT_PROJECT_VERSION = 1;
				GENERATE_INFOPLIST_FILE = YES;
				INFOPLIST_FILE = GHFollowers/Info.plist;
				INFOPLIST_KEY_UIApplicationSupportsIndirectInputEvents = YES;
				INFOPLIST_KEY_UILaunchStoryboardName = LaunchScreen;
				INFOPLIST_KEY_UIMainStoryboardFile = "";
				INFOPLIST_KEY_UISupportedInterfaceOrientations = UIInterfaceOrientationPortrait;
				INFOPLIST_KEY_UISupportedInterfaceOrientations_iPad = "UIInterfaceOrientationLandscapeLeft UIInterfaceOrientationLandscapeRight UIInterfaceOrientationPortrait UIInterfaceOrientationPortraitUpsideDown";
				IPHONEOS_DEPLOYMENT_TARGET = 13.2;
				LD_RUNPATH_SEARCH_PATHS = (
					"$(inherited)",
					"@executable_path/Frameworks",
				);
				MARKETING_VERSION = 1.0;
				PRODUCT_BUNDLE_IDENTIFIER = Shayan.GHFollowers;
				PRODUCT_NAME = "$(TARGET_NAME)";
				SWIFT_EMIT_LOC_STRINGS = YES;
				SWIFT_VERSION = 5.0;
				TARGETED_DEVICE_FAMILY = "1,2";
			};
			name = Release;
		};
/* End XCBuildConfiguration section */

/* Begin XCConfigurationList section */
		E42854762C7764E000E8C18C /* Build configuration list for PBXProject "GHFollowers" */ = {
			isa = XCConfigurationList;
			buildConfigurations = (
				E428548D2C7764E200E8C18C /* Debug */,
				E428548E2C7764E200E8C18C /* Release */,
			);
			defaultConfigurationIsVisible = 0;
			defaultConfigurationName = Release;
		};
		E428548F2C7764E200E8C18C /* Build configuration list for PBXNativeTarget "GHFollowers" */ = {
			isa = XCConfigurationList;
			buildConfigurations = (
				E42854902C7764E200E8C18C /* Debug */,
				E42854912C7764E200E8C18C /* Release */,
			);
			defaultConfigurationIsVisible = 0;
			defaultConfigurationName = Release;
		};
/* End XCConfigurationList section */
	};
	rootObject = E42854732C7764E000E8C18C /* Project object */;
}
